
Microsoft Visual Studio Solution File, Format Version 12.00
# Visual Studio 15
VisualStudioVersion = 15.0.28307.539
MinimumVisualStudioVersion = 10.0.40219.1
Project("{FAE04EC0-301F-11D3-BF4B-00C04F79EFBC}") = "ConcoursArtiste", "TP2_Concours\ConcoursArtiste.csproj", "{A342D5CA-3754-4E94-98AD-E7772926A376}"
EndProject
Global
	GlobalSection(SolutionConfigurationPlatforms) = preSolution
		Debug|Any CPU = Debug|Any CPU
		Release|Any CPU = Release|Any CPU
	EndGlobalSection
	GlobalSection(ProjectConfigurationPlatforms) = postSolution
		{A342D5CA-3754-4E94-98AD-E7772926A376}.Debug|Any CPU.ActiveCfg = Debug|Any CPU
		{A342D5CA-3754-4E94-98AD-E7772926A376}.Debug|Any CPU.Build.0 = Debug|Any CPU
		{A342D5CA-3754-4E94-98AD-E7772926A376}.Release|Any CPU.ActiveCfg = Release|Any CPU
		{A342D5CA-3754-4E94-98AD-E7772926A376}.Release|Any CPU.Build.0 = Release|Any CPU
	EndGlobalSection
	GlobalSection(SolutionProperties) = preSolution
		HideSolutionNode = FALSE
	EndGlobalSection
	GlobalSection(ExtensibilityGlobals) = postSolution
		SolutionGuid = {7AE65C4B-A3A1-476E-BBA1-CF3E2FEB5DEC}
	EndGlobalSection
EndGlobal
